PODS:
  - Alamofire (5.4.4)
  - CryptoSwift (1.0.0)
  - DBChainKit (1.0.0):
    - Alamofire
    - HDWalletSDK
    - SawtoothSigning
  - HDWalletSDK (1.0.0):
    - CryptoSwift (~> 1.0.0)
    - secp256k1.swift (~> 0.1.4)
  - SawtoothSigning (0.0.1):
    - secp256k1.swift
  - secp256k1.swift (0.1.4)

DEPENDENCIES:
  - DBChainKit (from `../`)

SPEC REPOS:
  trunk:
    - Alamofire
    - CryptoSwift
    - HDWalletSDK
    - SawtoothSigning
    - secp256k1.swift

EXTERNAL SOURCES:
  DBChainKit:
    :path: "../"

SPEC CHECKSUMS:
  Alamofire: f3b09a368f1582ab751b3fff5460276e0d2cf5c9
  CryptoSwift: d81eeaa59dc5a8d03720fe919a6fd07b51f7439f
  DBChainKit: 90e609293a759b4f452277620bda926f76cbf59d
  HDWalletSDK: 43e2c1d15f8e939a21fbf77140a45028c9c11b53
  SawtoothSigning: 4e5951c040a689d681c9ec2160180daa3a3ea50c
  secp256k1.swift: a7e7a214f6db6ce5db32cc6b2b45e5c4dd633634

PODFILE CHECKSUM: c1902b21c69fcd5a7ae31fda1a1d3114dad814df

COCOAPODS: 1.11.2
