// !$*UTF8*$!
{
	archiveVersion = 1;
	classes = {
	};
	objectVersion = 51;
	objects = {

/* Begin PBXBuildFile section */
		816FDB8927229CE50052BE39 /* AppDelegate.swift in Sources */ = {isa = PBXBuildFile; fileRef = 816FDB8827229CE50052BE39 /* AppDelegate.swift */; };
		816FDB8B27229CE50052BE39 /* SceneDelegate.swift in Sources */ = {isa = PBXBuildFile; fileRef = 816FDB8A27229CE50052BE39 /* SceneDelegate.swift */; };
		816FDB8D27229CE50052BE39 /* ViewController.swift in Sources */ = {isa = PBXBuildFile; fileRef = 816FDB8C27229CE50052BE39 /* ViewController.swift */; };
		816FDB9027229CE50052BE39 /* Main.storyboard in Resources */ = {isa = PBXBuildFile; fileRef = 816FDB8E27229CE50052BE39 /* Main.storyboard */; };
		816FDB9227229CEE0052BE39 /* Assets.xcassets in Resources */ = {isa = PBXBuildFile; fileRef = 816FDB9127229CEE0052BE39 /* Assets.xcassets */; };
		816FDB9527229CEE0052BE39 /* LaunchScreen.storyboard in Resources */ = {isa = PBXBuildFile; fileRef = 816FDB9327229CEE0052BE39 /* LaunchScreen.storyboard */; };
		A5FFABD9C33775709287B621 /* Pods_DBChainKitDemo.framework in Frameworks */ = {isa = PBXBuildFile; fileRef = D11A3054DE681639879CE1B8 /* Pods_DBChainKitDemo.framework */; };
/* End PBXBuildFile section */

/* Begin PBXFileReference section */
		3BBE079655B6261E7DB14D4E /* Pods-DBChainKitDemo.debug.xcconfig */ = {isa = PBXFileReference; includeInIndex = 1; lastKnownFileType = text.xcconfig; name = "Pods-DBChainKitDemo.debug.xcconfig"; path = "Target Support Files/Pods-DBChainKitDemo/Pods-DBChainKitDemo.debug.xcconfig"; sourceTree = "<group>"; };
		816FDB8527229CE50052BE39 /* DBChainKitDemo.app */ = {isa = PBXFileReference; explicitFileType = wrapper.application; includeInIndex = 0; path = DBChainKitDemo.app; sourceTree = BUILT_PRODUCTS_DIR; };
		816FDB8827229CE50052BE39 /* AppDelegate.swift */ = {isa = PBXFileReference; lastKnownFileType = sourcecode.swift; path = AppDelegate.swift; sourceTree = "<group>"; };
		816FDB8A27229CE50052BE39 /* SceneDelegate.swift */ = {isa = PBXFileReference; lastKnownFileType = sourcecode.swift; path = SceneDelegate.swift; sourceTree = "<group>"; };
		816FDB8C27229CE50052BE39 /* ViewController.swift */ = {isa = PBXFileReference; lastKnownFileType = sourcecode.swift; path = ViewController.swift; sourceTree = "<group>"; };
		816FDB8F27229CE50052BE39 /* Base */ = {isa = PBXFileReference; lastKnownFileType = file.storyboard; name = Base; path = Base.lproj/Main.storyboard; sourceTree = "<group>"; };
		816FDB9127229CEE0052BE39 /* Assets.xcassets */ = {isa = PBXFileReference; lastKnownFileType = folder.assetcatalog; path = Assets.xcassets; sourceTree = "<group>"; };
		816FDB9427229CEE0052BE39 /* Base */ = {isa = PBXFileReference; lastKnownFileType = file.storyboard; name = Base; path = Base.lproj/LaunchScreen.storyboard; sourceTree = "<group>"; };
		816FDB9627229CEE0052BE39 /* Info.plist */ = {isa = PBXFileReference; lastKnownFileType = text.plist.xml; path = Info.plist; sourceTree = "<group>"; };
		D11A3054DE681639879CE1B8 /* Pods_DBChainKitDemo.framework */ = {isa = PBXFileReference; explicitFileType = wrapper.framework; includeInIndex = 0; path = Pods_DBChainKitDemo.framework; sourceTree = BUILT_PRODUCTS_DIR; };
		D83DF1BDA61527721173E736 /* Pods-DBChainKitDemo.release.xcconfig */ = {isa = PBXFileReference; includeInIndex = 1; lastKnownFileType = text.xcconfig; name = "Pods-DBChainKitDemo.release.xcconfig"; path = "Target Support Files/Pods-DBChainKitDemo/Pods-DBChainKitDemo.release.xcconfig"; sourceTree = "<group>"; };
/* End PBXFileReference section */

/* Begin PBXFrameworksBuildPhase section */
		816FDB8227229CE50052BE39 /* Frameworks */ = {
			isa = PBXFrameworksBuildPhase;
			buildActionMask = 2147483647;
			files = (
				A5FFABD9C33775709287B621 /* Pods_DBChainKitDemo.framework in Frameworks */,
			);
			runOnlyForDeploymentPostprocessing = 0;
		};
/* End PBXFrameworksBuildPhase section */

/* Begin PBXGroup section */
		1C324004ABD207533BBD3671 /* Frameworks */ = {
			isa = PBXGroup;
			children = (
				D11A3054DE681639879CE1B8 /* Pods_DBChainKitDemo.framework */,
			);
			name = Frameworks;
			sourceTree = "<group>";
		};
		6C85FE514154801F04A255C1 /* Pods */ = {
			isa = PBXGroup;
			children = (
				3BBE079655B6261E7DB14D4E /* Pods-DBChainKitDemo.debug.xcconfig */,
				D83DF1BDA61527721173E736 /* Pods-DBChainKitDemo.release.xcconfig */,
			);
			path = Pods;
			sourceTree = "<group>";
		};
		816FDB7C27229CE50052BE39 = {
			isa = PBXGroup;
			children = (
				816FDB8727229CE50052BE39 /* DBChainKitDemo */,
				816FDB8627229CE50052BE39 /* Products */,
				6C85FE514154801F04A255C1 /* Pods */,
				1C324004ABD207533BBD3671 /* Frameworks */,
			);
			sourceTree = "<group>";
		};
		816FDB8627229CE50052BE39 /* Products */ = {
			isa = PBXGroup;
			children = (
				816FDB8527229CE50052BE39 /* DBChainKitDemo.app */,
			);
			name = Products;
			sourceTree = "<group>";
		};
		816FDB8727229CE50052BE39 /* DBChainKitDemo */ = {
			isa = PBXGroup;
			children = (
				816FDB8827229CE50052BE39 /* AppDelegate.swift */,
				816FDB8A27229CE50052BE39 /* SceneDelegate.swift */,
				816FDB8C27229CE50052BE39 /* ViewController.swift */,
				816FDB8E27229CE50052BE39 /* Main.storyboard */,
				816FDB9127229CEE0052BE39 /* Assets.xcassets */,
				816FDB9327229CEE0052BE39 /* LaunchScreen.storyboard */,
				816FDB9627229CEE0052BE39 /* Info.plist */,
			);
			path = DBChainKitDemo;
			sourceTree = "<group>";
		};
/* End PBXGroup section */

/* Begin PBXNativeTarget section */
		816FDB8427229CE50052BE39 /* DBChainKitDemo */ = {
			isa = PBXNativeTarget;
			buildConfigurationList = 816FDB9927229CEE0052BE39 /* Build configuration list for PBXNativeTarget "DBChainKitDemo" */;
			buildPhases = (
				4DDAC8BB588AB055801A2811 /* [CP] Check Pods Manifest.lock */,
				816FDB8127229CE50052BE39 /* Sources */,
				816FDB8227229CE50052BE39 /* Frameworks */,
				816FDB8327229CE50052BE39 /* Resources */,
				D574BDF26D7F619A359B3270 /* [CP] Embed Pods Frameworks */,
			);
			buildRules = (
			);
			dependencies = (
			);
			name = DBChainKitDemo;
			productName = DBChainKitDemo;
			productReference = 816FDB8527229CE50052BE39 /* DBChainKitDemo.app */;
			productType = "com.apple.product-type.application";
		};
/* End PBXNativeTarget section */

/* Begin PBXProject section */
		816FDB7D27229CE50052BE39 /* Project object */ = {
			isa = PBXProject;
			attributes = {
				LastSwiftUpdateCheck = 1220;
				LastUpgradeCheck = 1220;
				TargetAttributes = {
					816FDB8427229CE50052BE39 = {
						CreatedOnToolsVersion = 12.2;
					};
				};
			};
			buildConfigurationList = 816FDB8027229CE50052BE39 /* Build configuration list for PBXProject "DBChainKitDemo" */;
			compatibilityVersion = "Xcode 9.3";
			developmentRegion = en;
			hasScannedForEncodings = 0;
			knownRegions = (
				en,
				Base,
			);
			mainGroup = 816FDB7C27229CE50052BE39;
			productRefGroup = 816FDB8627229CE50052BE39 /* Products */;
			projectDirPath = "";
			projectRoot = "";
			targets = (
				816FDB8427229CE50052BE39 /* DBChainKitDemo */,
			);
		};
/* End PBXProject section */

/* Begin PBXResourcesBuildPhase section */
		816FDB8327229CE50052BE39 /* Resources */ = {
			isa = PBXResourcesBuildPhase;
			buildActionMask = 2147483647;
			files = (
				816FDB9527229CEE0052BE39 /* LaunchScreen.storyboard in Resources */,
				816FDB9227229CEE0052BE39 /* Assets.xcassets in Resources */,
				816FDB9027229CE50052BE39 /* Main.storyboard in Resources */,
			);
			runOnlyForDeploymentPostprocessing = 0;
		};
/* End PBXResourcesBuildPhase section */

/* Begin PBXShellScriptBuildPhase section */
		4DDAC8BB588AB055801A2811 /* [CP] Check Pods Manifest.lock */ = {
			isa = PBXShellScriptBuildPhase;
			buildActionMask = 2147483647;
			files = (
			);
			inputFileListPaths = (
			);
			inputPaths = (
				"${PODS_PODFILE_DIR_PATH}/Podfile.lock",
				"${PODS_ROOT}/Manifest.lock",
			);
			name = "[CP] Check Pods Manifest.lock";
			outputFileListPaths = (
			);
			outputPaths = (
				"$(DERIVED_FILE_DIR)/Pods-DBChainKitDemo-checkManifestLockResult.txt",
			);
			runOnlyForDeploymentPostprocessing = 0;
			shellPath = /bin/sh;
			shellScript = "diff \"${PODS_PODFILE_DIR_PATH}/Podfile.lock\" \"${PODS_ROOT}/Manifest.lock\" > /dev/null\nif [ $? != 0 ] ; then\n    # print error to STDERR\n    echo \"error: The sandbox is not in sync with the Podfile.lock. Run 'pod install' or update your CocoaPods installation.\" >&2\n    exit 1\nfi\n# This output is used by Xcode 'outputs' to avoid re-running this script phase.\necho \"SUCCESS\" > \"${SCRIPT_OUTPUT_FILE_0}\"\n";
			showEnvVarsInLog = 0;
		};
		D574BDF26D7F619A359B3270 /* [CP] Embed Pods Frameworks */ = {
			isa = PBXShellScriptBuildPhase;
			buildActionMask = 2147483647;
			files = (
			);
			inputFileListPaths = (
				"${PODS_ROOT}/Target Support Files/Pods-DBChainKitDemo/Pods-DBChainKitDemo-frameworks-${CONFIGURATION}-input-files.xcfilelist",
			);
			name = "[CP] Embed Pods Frameworks";
			outputFileListPaths = (
				"${PODS_ROOT}/Target Support Files/Pods-DBChainKitDemo/Pods-DBChainKitDemo-frameworks-${CONFIGURATION}-output-files.xcfilelist",
			);
			runOnlyForDeploymentPostprocessing = 0;
			shellPath = /bin/sh;
			shellScript = "\"${PODS_ROOT}/Target Support Files/Pods-DBChainKitDemo/Pods-DBChainKitDemo-frameworks.sh\"\n";
			showEnvVarsInLog = 0;
		};
/* End PBXShellScriptBuildPhase section */

/* Begin PBXSourcesBuildPhase section */
		816FDB8127229CE50052BE39 /* Sources */ = {
			isa = PBXSourcesBuildPhase;
			buildActionMask = 2147483647;
			files = (
				816FDB8D27229CE50052BE39 /* ViewController.swift in Sources */,
				816FDB8927229CE50052BE39 /* AppDelegate.swift in Sources */,
				816FDB8B27229CE50052BE39 /* SceneDelegate.swift in Sources */,
			);
			runOnlyForDeploymentPostprocessing = 0;
		};
/* End PBXSourcesBuildPhase section */

/* Begin PBXVariantGroup section */
		816FDB8E27229CE50052BE39 /* Main.storyboard */ = {
			isa = PBXVariantGroup;
			children = (
				816FDB8F27229CE50052BE39 /* Base */,
			);
			name = Main.storyboard;
			sourceTree = "<group>";
		};
		816FDB9327229CEE0052BE39 /* LaunchScreen.storyboard */ = {
			isa = PBXVariantGroup;
			children = (
				816FDB9427229CEE0052BE39 /* Base */,
			);
			name = LaunchScreen.storyboard;
			sourceTree = "<group>";
		};
/* End PBXVariantGroup section */

/* Begin XCBuildConfiguration section */
		816FDB9727229CEE0052BE39 /* Debug */ = {
			isa = XCBuildConfiguration;
			buildSettings = {
				ALWAYS_SEARCH_USER_PATHS = NO;
				CLANG_ANALYZER_NONNULL = YES;
				CLANG_ANALYZER_NUMBER_OBJECT_CONVERSION = YES_AGGRESSIVE;
				CLANG_CXX_LANGUAGE_STANDARD = "gnu++14";
				CLANG_CXX_LIBRARY = "libc++";
				CLANG_ENABLE_MODULES = YES;
				CLANG_ENABLE_OBJC_ARC = YES;
				CLANG_ENABLE_OBJC_WEAK = YES;
				CLANG_WARN_BLOCK_CAPTURE_AUTORELEASING = YES;
				CLANG_WARN_BOOL_CONVERSION = YES;
				CLANG_WARN_COMMA = YES;
				CLANG_WARN_CONSTANT_CONVERSION = YES;
				CLANG_WARN_DEPRECATED_OBJC_IMPLEMENTATIONS = YES;
				CLANG_WARN_DIRECT_OBJC_ISA_USAGE = YES_ERROR;
				CLANG_WARN_DOCUMENTATION_COMMENTS = YES;
				CLANG_WARN_EMPTY_BODY = YES;
				CLANG_WARN_ENUM_CONVERSION = YES;
				CLANG_WARN_INFINITE_RECURSION = YES;
				CLANG_WARN_INT_CONVERSION = YES;
				CLANG_WARN_NON_LITERAL_NULL_CONVERSION = YES;
				CLANG_WARN_OBJC_IMPLICIT_RETAIN_SELF = YES;
				CLANG_WARN_OBJC_LITERAL_CONVERSION = YES;
				CLANG_WARN_OBJC_ROOT_CLASS = YES_ERROR;
				CLANG_WARN_QUOTED_INCLUDE_IN_FRAMEWORK_HEADER = YES;
				CLANG_WARN_RANGE_LOOP_ANALYSIS = YES;
				CLANG_WARN_STRICT_PROTOTYPES = YES;
				CLANG_WARN_SUSPICIOUS_MOVE = YES;
				CLANG_WARN_UNGUARDED_AVAILABILITY = YES_AGGRESSIVE;
				CLANG_WARN_UNREACHABLE_CODE = YES;
				CLANG_WARN__DUPLICATE_METHOD_MATCH = YES;
				COPY_PHASE_STRIP = NO;
				DEBUG_INFORMATION_FORMAT = dwarf;
				ENABLE_STRICT_OBJC_MSGSEND = YES;
				ENABLE_TESTABILITY = YES;
				GCC_C_LANGUAGE_STANDARD = gnu11;
				GCC_DYNAMIC_NO_PIC = NO;
				GCC_NO_COMMON_BLOCKS = YES;
				GCC_OPTIMIZATION_LEVEL = 0;
				GCC_PREPROCESSOR_DEFINITIONS = (
					"DEBUG=1",
					"$(inherited)",
				);
				GCC_WARN_64_TO_32_BIT_CONVERSION = YES;
				GCC_WARN_ABOUT_RETURN_TYPE = YES_ERROR;
				GCC_WARN_UNDECLARED_SELECTOR = YES;
				GCC_WARN_UNINITIALIZED_AUTOS = YES_AGGRESSIVE;
				GCC_WARN_UNUSED_FUNCTION = YES;
				GCC_WARN_UNUSED_VARIABLE = YES;
				IPHONEOS_DEPLOYMENT_TARGET = 14.2;
				MTL_ENABLE_DEBUG_INFO = INCLUDE_SOURCE;
				MTL_FAST_MATH = YES;
				ONLY_ACTIVE_ARCH = YES;
				SDKROOT = iphoneos;
				SWIFT_ACTIVE_COMPILATION_CONDITIONS = DEBUG;
				SWIFT_OPTIMIZATION_LEVEL = "-Onone";
			};
			name = Debug;
		};
		816FDB9827229CEE0052BE39 /* Release */ = {
			isa = XCBuildConfiguration;
			buildSettings = {
				ALWAYS_SEARCH_USER_PATHS = NO;
				CLANG_ANALYZER_NONNULL = YES;
				CLANG_ANALYZER_NUMBER_OBJECT_CONVERSION = YES_AGGRESSIVE;
				CLANG_CXX_LANGUAGE_STANDARD = "gnu++14";
				CLANG_CXX_LIBRARY = "libc++";
				CLANG_ENABLE_MODULES = YES;
				CLANG_ENABLE_OBJC_ARC = YES;
				CLANG_ENABLE_OBJC_WEAK = YES;
				CLANG_WARN_BLOCK_CAPTURE_AUTORELEASING = YES;
				CLANG_WARN_BOOL_CONVERSION = YES;
				CLANG_WARN_COMMA = YES;
				CLANG_WARN_CONSTANT_CONVERSION = YES;
				CLANG_WARN_DEPRECATED_OBJC_IMPLEMENTATIONS = YES;
				CLANG_WARN_DIRECT_OBJC_ISA_USAGE = YES_ERROR;
				CLANG_WARN_DOCUMENTATION_COMMENTS = YES;
				CLANG_WARN_EMPTY_BODY = YES;
				CLANG_WARN_ENUM_CONVERSION = YES;
				CLANG_WARN_INFINITE_RECURSION = YES;
				CLANG_WARN_INT_CONVERSION = YES;
				CLANG_WARN_NON_LITERAL_NULL_CONVERSION = YES;
				CLANG_WARN_OBJC_IMPLICIT_RETAIN_SELF = YES;
				CLANG_WARN_OBJC_LITERAL_CONVERSION = YES;
				CLANG_WARN_OBJC_ROOT_CLASS = YES_ERROR;
				CLANG_WARN_QUOTED_INCLUDE_IN_FRAMEWORK_HEADER = YES;
				CLANG_WARN_RANGE_LOOP_ANALYSIS = YES;
				CLANG_WARN_STRICT_PROTOTYPES = YES;
				CLANG_WARN_SUSPICIOUS_MOVE = YES;
				CLANG_WARN_UNGUARDED_AVAILABILITY = YES_AGGRESSIVE;
				CLANG_WARN_UNREACHABLE_CODE = YES;
				CLANG_WARN__DUPLICATE_METHOD_MATCH = YES;
				COPY_PHASE_STRIP = NO;
				DEBUG_INFORMATION_FORMAT = "dwarf-with-dsym";
				ENABLE_NS_ASSERTIONS = NO;
				ENABLE_STRICT_OBJC_MSGSEND = YES;
				GCC_C_LANGUAGE_STANDARD = gnu11;
				GCC_NO_COMMON_BLOCKS = YES;
				GCC_WARN_64_TO_32_BIT_CONVERSION = YES;
				GCC_WARN_ABOUT_RETURN_TYPE = YES_ERROR;
				GCC_WARN_UNDECLARED_SELECTOR = YES;
				GCC_WARN_UNINITIALIZED_AUTOS = YES_AGGRESSIVE;
				GCC_WARN_UNUSED_FUNCTION = YES;
				GCC_WARN_UNUSED_VARIABLE = YES;
				IPHONEOS_DEPLOYMENT_TARGET = 14.2;
				MTL_ENABLE_DEBUG_INFO = NO;
				MTL_FAST_MATH = YES;
				SDKROOT = iphoneos;
				SWIFT_COMPILATION_MODE = wholemodule;
				SWIFT_OPTIMIZATION_LEVEL = "-O";
				VALIDATE_PRODUCT = YES;
			};
			name = Release;
		};
		816FDB9A27229CEE0052BE39 /* Debug */ = {
			isa = XCBuildConfiguration;
			baseConfigurationReference = 3BBE079655B6261E7DB14D4E /* Pods-DBChainKitDemo.debug.xcconfig */;
			buildSettings = {
				ASSETCATALOG_COMPILER_APPICON_NAME = AppIcon;
				ASSETCATALOG_COMPILER_GLOBAL_ACCENT_COLOR_NAME = AccentColor;
				CODE_SIGN_STYLE = Automatic;
				DEVELOPMENT_TEAM = 4654J23WVM;
				INFOPLIST_FILE = DBChainKitDemo/Info.plist;
				IPHONEOS_DEPLOYMENT_TARGET = 13.0;
				LD_RUNPATH_SEARCH_PATHS = (
					"$(inherited)",
					"@executable_path/Frameworks",
				);
				PRODUCT_BUNDLE_IDENTIFIER = dzh.com.DBChainKitDemo;
				PRODUCT_NAME = "$(TARGET_NAME)";
				SWIFT_VERSION = 5.0;
				TARGETED_DEVICE_FAMILY = "1,2";
			};
			name = Debug;
		};
		816FDB9B27229CEE0052BE39 /* Release */ = {
			isa = XCBuildConfiguration;
			baseConfigurationReference = D83DF1BDA61527721173E736 /* Pods-DBChainKitDemo.release.xcconfig */;
			buildSettings = {
				ASSETCATALOG_COMPILER_APPICON_NAME = AppIcon;
				ASSETCATALOG_COMPILER_GLOBAL_ACCENT_COLOR_NAME = AccentColor;
				CODE_SIGN_STYLE = Automatic;
				DEVELOPMENT_TEAM = 4654J23WVM;
				INFOPLIST_FILE = DBChainKitDemo/Info.plist;
				IPHONEOS_DEPLOYMENT_TARGET = 13.0;
				LD_RUNPATH_SEARCH_PATHS = (
					"$(inherited)",
					"@executable_path/Frameworks",
				);
				PRODUCT_BUNDLE_IDENTIFIER = dzh.com.DBChainKitDemo;
				PRODUCT_NAME = "$(TARGET_NAME)";
				SWIFT_VERSION = 5.0;
				TARGETED_DEVICE_FAMILY = "1,2";
			};
			name = Release;
		};
/* End XCBuildConfiguration section */

/* Begin XCConfigurationList section */
		816FDB8027229CE50052BE39 /* Build configuration list for PBXProject "DBChainKitDemo" */ = {
			isa = XCConfigurationList;
			buildConfigurations = (
				816FDB9727229CEE0052BE39 /* Debug */,
				816FDB9827229CEE0052BE39 /* Release */,
			);
			defaultConfigurationIsVisible = 0;
			defaultConfigurationName = Release;
		};
		816FDB9927229CEE0052BE39 /* Build configuration list for PBXNativeTarget "DBChainKitDemo" */ = {
			isa = XCConfigurationList;
			buildConfigurations = (
				816FDB9A27229CEE0052BE39 /* Debug */,
				816FDB9B27229CEE0052BE39 /* Release */,
			);
			defaultConfigurationIsVisible = 0;
			defaultConfigurationName = Release;
		};
/* End XCConfigurationList section */
	};
	rootObject = 816FDB7D27229CE50052BE39 /* Project object */;
}
